
Microsoft Visual Studio Solution File, Format Version 12.00
# Visual Studio Version 17
VisualStudioVersion = 17.0.31903.59
MinimumVisualStudioVersion = 10.0.40219.1
Project("{2150E333-8FDC-42A3-9474-1A3956D46DE8}") = "src", "src", "{195B4ED8-1A31-4B72-AC34-BECC692A530E}"
	ProjectSection(SolutionItems) = preProject
		src\windows_metrics.cpp = src\windows_metrics.cpp
		src\page_fault_probe.cpp = src\page_fault_probe.cpp
		src\rdtsc.cpp = src\rdtsc.cpp
		src\nop_loop.asm = src\nop_loop.asm
		src\multi_nop.asm = src\multi_nop.asm
	EndProjectSection
EndProject
Project("{6EC3EE1D-3C4E-46DD-8F32-0CC8E7565705}") = "haversine", "src\haversine\haversine.fsproj", "{CFB200BA-55D2-4DE5-964D-77DF0AD1D7B8}"
EndProject
Project("{2150E333-8FDC-42A3-9474-1A3956D46DE8}") = ".build", ".build", "{850B7EFF-5B56-4FBF-849C-0BB1ED1F9E14}"
	ProjectSection(SolutionItems) = preProject
		src\build_rdtsc.bat = src\build_rdtsc.bat
		src\build_windows_metrics.bat = src\build_windows_metrics.bat
		src\build.bat = src\build.bat
		src\build_page_fault_probe.bat = src\build_page_fault_probe.bat
		src\build_asm.bat = src\build_asm.bat
	EndProjectSection
EndProject
Global
	GlobalSection(SolutionConfigurationPlatforms) = preSolution
		Debug|Any CPU = Debug|Any CPU
		Debug|x64 = Debug|x64
		Debug|x86 = Debug|x86
		Release|Any CPU = Release|Any CPU
		Release|x64 = Release|x64
		Release|x86 = Release|x86
	EndGlobalSection
	GlobalSection(ProjectConfigurationPlatforms) = postSolution
		{CFB200BA-55D2-4DE5-964D-77DF0AD1D7B8}.Debug|Any CPU.ActiveCfg = Debug|Any CPU
		{CFB200BA-55D2-4DE5-964D-77DF0AD1D7B8}.Debug|Any CPU.Build.0 = Debug|Any CPU
		{CFB200BA-55D2-4DE5-964D-77DF0AD1D7B8}.Debug|x64.ActiveCfg = Debug|Any CPU
		{CFB200BA-55D2-4DE5-964D-77DF0AD1D7B8}.Debug|x64.Build.0 = Debug|Any CPU
		{CFB200BA-55D2-4DE5-964D-77DF0AD1D7B8}.Debug|x86.ActiveCfg = Debug|Any CPU
		{CFB200BA-55D2-4DE5-964D-77DF0AD1D7B8}.Debug|x86.Build.0 = Debug|Any CPU
		{CFB200BA-55D2-4DE5-964D-77DF0AD1D7B8}.Release|Any CPU.ActiveCfg = Release|Any CPU
		{CFB200BA-55D2-4DE5-964D-77DF0AD1D7B8}.Release|Any CPU.Build.0 = Release|Any CPU
		{CFB200BA-55D2-4DE5-964D-77DF0AD1D7B8}.Release|x64.ActiveCfg = Release|Any CPU
		{CFB200BA-55D2-4DE5-964D-77DF0AD1D7B8}.Release|x64.Build.0 = Release|Any CPU
		{CFB200BA-55D2-4DE5-964D-77DF0AD1D7B8}.Release|x86.ActiveCfg = Release|Any CPU
		{CFB200BA-55D2-4DE5-964D-77DF0AD1D7B8}.Release|x86.Build.0 = Release|Any CPU
	EndGlobalSection
	GlobalSection(SolutionProperties) = preSolution
		HideSolutionNode = FALSE
	EndGlobalSection
	GlobalSection(NestedProjects) = preSolution
		{CFB200BA-55D2-4DE5-964D-77DF0AD1D7B8} = {195B4ED8-1A31-4B72-AC34-BECC692A530E}
	EndGlobalSection
	GlobalSection(ExtensibilityGlobals) = postSolution
		SolutionGuid = {7099482B-032F-4267-BD67-BDE61A4F6FE8}
	EndGlobalSection
EndGlobal
