
Microsoft Visual Studio Solution File, Format Version 12.00
# Visual Studio Version 17
VisualStudioVersion = 17.0.31903.59
MinimumVisualStudioVersion = 10.0.40219.1
Project("{2150E333-8FDC-42A3-9474-1A3956D46DE8}") = "src", "src", "{D283FB23-C397-462E-8973-637010E20F06}"
EndProject
Project("{F2A71F9B-5D33-465A-A702-920D77279786}") = "Haversine", "src\Haversine\Haversine.fsproj", "{B1ED1CA8-CCFB-4AED-80A8-175FF0D95DFC}"
EndProject
Global
	GlobalSection(SolutionConfigurationPlatforms) = preSolution
		Debug|Any CPU = Debug|Any CPU
		Release|Any CPU = Release|Any CPU
	EndGlobalSection
	GlobalSection(SolutionProperties) = preSolution
		HideSolutionNode = FALSE
	EndGlobalSection
	GlobalSection(ProjectConfigurationPlatforms) = postSolution
		{B1ED1CA8-CCFB-4AED-80A8-175FF0D95DFC}.Debug|Any CPU.ActiveCfg = Debug|Any CPU
		{B1ED1CA8-CCFB-4AED-80A8-175FF0D95DFC}.Debug|Any CPU.Build.0 = Debug|Any CPU
		{B1ED1CA8-CCFB-4AED-80A8-175FF0D95DFC}.Release|Any CPU.ActiveCfg = Release|Any CPU
		{B1ED1CA8-CCFB-4AED-80A8-175FF0D95DFC}.Release|Any CPU.Build.0 = Release|Any CPU
	EndGlobalSection
	GlobalSection(NestedProjects) = preSolution
		{B1ED1CA8-CCFB-4AED-80A8-175FF0D95DFC} = {D283FB23-C397-462E-8973-637010E20F06}
	EndGlobalSection
EndGlobal
